
Microsoft Visual Studio Solution File, Format Version 12.00
# Visual Studio 15
VisualStudioVersion = 15.0.28307.1209
MinimumVisualStudioVersion = 10.0.40219.1
Project("{FAE04EC0-301F-11D3-BF4B-00C04F79EFBC}") = "BuscaFIPE", "BuscaFIPE\BuscaFIPE.csproj", "{FFBE89B7-1057-4713-8DFA-173C2AF18161}"
EndProject
Global
	GlobalSection(SolutionConfigurationPlatforms) = preSolution
		Debug|Any CPU = Debug|Any CPU
		Release|Any CPU = Release|Any CPU
	EndGlobalSection
	GlobalSection(ProjectConfigurationPlatforms) = postSolution
		{FFBE89B7-1057-4713-8DFA-173C2AF18161}.Debug|Any CPU.ActiveCfg = Debug|Any CPU
		{FFBE89B7-1057-4713-8DFA-173C2AF18161}.Debug|Any CPU.Build.0 = Debug|Any CPU
		{FFBE89B7-1057-4713-8DFA-173C2AF18161}.Release|Any CPU.ActiveCfg = Release|Any CPU
		{FFBE89B7-1057-4713-8DFA-173C2AF18161}.Release|Any CPU.Build.0 = Release|Any CPU
	EndGlobalSection
	GlobalSection(SolutionProperties) = preSolution
		HideSolutionNode = FALSE
	EndGlobalSection
	GlobalSection(ExtensibilityGlobals) = postSolution
		SolutionGuid = {3820F3DF-3DEC-4141-9EE1-30331AA98CA8}
	EndGlobalSection
EndGlobal
